
Microsoft Visual Studio Solution File, Format Version 12.00
# Visual Studio Version 17
VisualStudioVersion = 17.12.35209.166
MinimumVisualStudioVersion = 10.0.40219.1
Project("{FAE04EC0-301F-11D3-BF4B-00C04F79EFBC}") = "Ecomm_b5", "Ecomm_b5\Ecomm_b5.csproj", "{0CC62701-6790-4A30-9E44-1C3777864B9F}"
EndProject
Global
	GlobalSection(SolutionConfigurationPlatforms) = preSolution
		Debug|Any CPU = Debug|Any CPU
		Release|Any CPU = Release|Any CPU
	EndGlobalSection
	GlobalSection(ProjectConfigurationPlatforms) = postSolution
		{0CC62701-6790-4A30-9E44-1C3777864B9F}.Debug|Any CPU.ActiveCfg = Debug|Any CPU
		{0CC62701-6790-4A30-9E44-1C3777864B9F}.Debug|Any CPU.Build.0 = Debug|Any CPU
		{0CC62701-6790-4A30-9E44-1C3777864B9F}.Release|Any CPU.ActiveCfg = Release|Any CPU
		{0CC62701-6790-4A30-9E44-1C3777864B9F}.Release|Any CPU.Build.0 = Release|Any CPU
	EndGlobalSection
	GlobalSection(SolutionProperties) = preSolution
		HideSolutionNode = FALSE
	EndGlobalSection
	GlobalSection(ExtensibilityGlobals) = postSolution
		SolutionGuid = {5DABFBE1-B391-4730-866F-E5C04244A5C2}
	EndGlobalSection
EndGlobal
