
Microsoft Visual Studio Solution File, Format Version 12.00
# Visual Studio Version 17
VisualStudioVersion = 17.12.35209.166
MinimumVisualStudioVersion = 10.0.40219.1
Project("{FAE04EC0-301F-11D3-BF4B-00C04F79EFBC}") = "Inventory_b5", "Inventory_b5\Inventory_b5.csproj", "{19065571-6B69-46D9-ADB9-8CBDAB405445}"
EndProject
Global
	GlobalSection(SolutionConfigurationPlatforms) = preSolution
		Debug|Any CPU = Debug|Any CPU
		Release|Any CPU = Release|Any CPU
	EndGlobalSection
	GlobalSection(ProjectConfigurationPlatforms) = postSolution
		{19065571-6B69-46D9-ADB9-8CBDAB405445}.Debug|Any CPU.ActiveCfg = Debug|Any CPU
		{19065571-6B69-46D9-ADB9-8CBDAB405445}.Debug|Any CPU.Build.0 = Debug|Any CPU
		{19065571-6B69-46D9-ADB9-8CBDAB405445}.Release|Any CPU.ActiveCfg = Release|Any CPU
		{19065571-6B69-46D9-ADB9-8CBDAB405445}.Release|Any CPU.Build.0 = Release|Any CPU
	EndGlobalSection
	GlobalSection(SolutionProperties) = preSolution
		HideSolutionNode = FALSE
	EndGlobalSection
	GlobalSection(ExtensibilityGlobals) = postSolution
		SolutionGuid = {F7280EBA-0AE4-485A-925F-D4B4B84A7CE7}
	EndGlobalSection
EndGlobal
