
Microsoft Visual Studio Solution File, Format Version 12.00
# Visual Studio Version 17
VisualStudioVersion = 17.12.35209.166
MinimumVisualStudioVersion = 10.0.40219.1
Project("{FAE04EC0-301F-11D3-BF4B-00C04F79EFBC}") = "ConsoleApp1", "ConsoleApp1\ConsoleApp1.csproj", "{5BB41088-E165-4F21-AECD-845E6BC2582A}"
EndProject
Global
	GlobalSection(SolutionConfigurationPlatforms) = preSolution
		Debug|Any CPU = Debug|Any CPU
		Release|Any CPU = Release|Any CPU
	EndGlobalSection
	GlobalSection(ProjectConfigurationPlatforms) = postSolution
		{5BB41088-E165-4F21-AECD-845E6BC2582A}.Debug|Any CPU.ActiveCfg = Debug|Any CPU
		{5BB41088-E165-4F21-AECD-845E6BC2582A}.Debug|Any CPU.Build.0 = Debug|Any CPU
		{5BB41088-E165-4F21-AECD-845E6BC2582A}.Release|Any CPU.ActiveCfg = Release|Any CPU
		{5BB41088-E165-4F21-AECD-845E6BC2582A}.Release|Any CPU.Build.0 = Release|Any CPU
	EndGlobalSection
	GlobalSection(SolutionProperties) = preSolution
		HideSolutionNode = FALSE
	EndGlobalSection
	GlobalSection(ExtensibilityGlobals) = postSolution
		SolutionGuid = {665131FE-437B-4FF2-B6DF-D7A111ADB973}
	EndGlobalSection
EndGlobal
