
Microsoft Visual Studio Solution File, Format Version 12.00
# Visual Studio Version 17
VisualStudioVersion = 17.12.35209.166
MinimumVisualStudioVersion = 10.0.40219.1
Project("{FAE04EC0-301F-11D3-BF4B-00C04F79EFBC}") = "WindowsFormsApp1", "WindowsFormsApp1\WindowsFormsApp1.csproj", "{4E4A3EB7-6BEB-42C0-9398-DA06C47BDFFF}"
EndProject
Global
	GlobalSection(SolutionConfigurationPlatforms) = preSolution
		Debug|Any CPU = Debug|Any CPU
		Release|Any CPU = Release|Any CPU
	EndGlobalSection
	GlobalSection(ProjectConfigurationPlatforms) = postSolution
		{4E4A3EB7-6BEB-42C0-9398-DA06C47BDFFF}.Debug|Any CPU.ActiveCfg = Debug|Any CPU
		{4E4A3EB7-6BEB-42C0-9398-DA06C47BDFFF}.Debug|Any CPU.Build.0 = Debug|Any CPU
		{4E4A3EB7-6BEB-42C0-9398-DA06C47BDFFF}.Release|Any CPU.ActiveCfg = Release|Any CPU
		{4E4A3EB7-6BEB-42C0-9398-DA06C47BDFFF}.Release|Any CPU.Build.0 = Release|Any CPU
	EndGlobalSection
	GlobalSection(SolutionProperties) = preSolution
		HideSolutionNode = FALSE
	EndGlobalSection
	GlobalSection(ExtensibilityGlobals) = postSolution
		SolutionGuid = {4E72151A-B96C-4BE7-BB94-6BB171BF5E10}
	EndGlobalSection
EndGlobal
